
Microsoft Visual Studio Solution File, Format Version 12.00
# Visual Studio Version 16
VisualStudioVersion = 16.0.31702.278
MinimumVisualStudioVersion = 10.0.40219.1
Project("{FAE04EC0-301F-11D3-BF4B-00C04F79EFBC}") = "CantinaBill", "CantinaBill\CantinaBill.csproj", "{32555084-EC17-4D53-A29E-803BA229C829}"
EndProject
Global
	GlobalSection(SolutionConfigurationPlatforms) = preSolution
		Debug|Any CPU = Debug|Any CPU
		Release|Any CPU = Release|Any CPU
	EndGlobalSection
	GlobalSection(ProjectConfigurationPlatforms) = postSolution
		{32555084-EC17-4D53-A29E-803BA229C829}.Debug|Any CPU.ActiveCfg = Debug|Any CPU
		{32555084-EC17-4D53-A29E-803BA229C829}.Debug|Any CPU.Build.0 = Debug|Any CPU
		{32555084-EC17-4D53-A29E-803BA229C829}.Release|Any CPU.ActiveCfg = Release|Any CPU
		{32555084-EC17-4D53-A29E-803BA229C829}.Release|Any CPU.Build.0 = Release|Any CPU
	EndGlobalSection
	GlobalSection(SolutionProperties) = preSolution
		HideSolutionNode = FALSE
	EndGlobalSection
	GlobalSection(ExtensibilityGlobals) = postSolution
		SolutionGuid = {32FC3FA8-B4D6-487C-8F9F-37237F41EE28}
	EndGlobalSection
EndGlobal
